
Microsoft Visual Studio Solution File, Format Version 12.00
# Visual Studio Version 16
VisualStudioVersion = 16.0.29920.165
MinimumVisualStudioVersion = 10.0.40219.1
Project("{FAE04EC0-301F-11D3-BF4B-00C04F79EFBC}") = "Tombini.Jacopo.4H.ImageLayout.UWP", "Tombini.Jacopo.4H.ImageLayout\Tombini.Jacopo.4H.ImageLayout.UWP\Tombini.Jacopo.4H.ImageLayout.UWP.csproj", "{A2F05E0F-7E49-40AD-B55F-500773F8CF9E}"
EndProject
Project("{FAE04EC0-301F-11D3-BF4B-00C04F79EFBC}") = "Tombini.Jacopo.4H.ImageLayout.Android", "Tombini.Jacopo.4H.ImageLayout\Tombini.Jacopo.4H.ImageLayout.Android\Tombini.Jacopo.4H.ImageLayout.Android.csproj", "{6A54A3B1-6A8B-4E08-9951-FFF428834504}"
EndProject
Project("{FAE04EC0-301F-11D3-BF4B-00C04F79EFBC}") = "Tombini.Jacopo.4H.ImageLayout", "Tombini.Jacopo.4H.ImageLayout\Tombini.Jacopo.4H.ImageLayout\Tombini.Jacopo.4H.ImageLayout.csproj", "{36238555-812B-4090-B224-D10ED78CC19B}"
EndProject
Global
	GlobalSection(SolutionConfigurationPlatforms) = preSolution
		Debug|Any CPU = Debug|Any CPU
		Debug|ARM = Debug|ARM
		Debug|x64 = Debug|x64
		Debug|x86 = Debug|x86
		Release|Any CPU = Release|Any CPU
		Release|ARM = Release|ARM
		Release|x64 = Release|x64
		Release|x86 = Release|x86
	EndGlobalSection
	GlobalSection(ProjectConfigurationPlatforms) = postSolution
		{A2F05E0F-7E49-40AD-B55F-500773F8CF9E}.Debug|Any CPU.ActiveCfg = Debug|x86
		{A2F05E0F-7E49-40AD-B55F-500773F8CF9E}.Debug|Any CPU.Build.0 = Debug|x86
		{A2F05E0F-7E49-40AD-B55F-500773F8CF9E}.Debug|Any CPU.Deploy.0 = Debug|x86
		{A2F05E0F-7E49-40AD-B55F-500773F8CF9E}.Debug|ARM.ActiveCfg = Debug|ARM
		{A2F05E0F-7E49-40AD-B55F-500773F8CF9E}.Debug|ARM.Build.0 = Debug|ARM
		{A2F05E0F-7E49-40AD-B55F-500773F8CF9E}.Debug|ARM.Deploy.0 = Debug|ARM
		{A2F05E0F-7E49-40AD-B55F-500773F8CF9E}.Debug|x64.ActiveCfg = Debug|x64
		{A2F05E0F-7E49-40AD-B55F-500773F8CF9E}.Debug|x64.Build.0 = Debug|x64
		{A2F05E0F-7E49-40AD-B55F-500773F8CF9E}.Debug|x64.Deploy.0 = Debug|x64
		{A2F05E0F-7E49-40AD-B55F-500773F8CF9E}.Debug|x86.ActiveCfg = Debug|x86
		{A2F05E0F-7E49-40AD-B55F-500773F8CF9E}.Debug|x86.Build.0 = Debug|x86
		{A2F05E0F-7E49-40AD-B55F-500773F8CF9E}.Debug|x86.Deploy.0 = Debug|x86
		{A2F05E0F-7E49-40AD-B55F-500773F8CF9E}.Release|Any CPU.ActiveCfg = Release|x86
		{A2F05E0F-7E49-40AD-B55F-500773F8CF9E}.Release|Any CPU.Build.0 = Release|x86
		{A2F05E0F-7E49-40AD-B55F-500773F8CF9E}.Release|Any CPU.Deploy.0 = Release|x86
		{A2F05E0F-7E49-40AD-B55F-500773F8CF9E}.Release|ARM.ActiveCfg = Release|ARM
		{A2F05E0F-7E49-40AD-B55F-500773F8CF9E}.Release|ARM.Build.0 = Release|ARM
		{A2F05E0F-7E49-40AD-B55F-500773F8CF9E}.Release|ARM.Deploy.0 = Release|ARM
		{A2F05E0F-7E49-40AD-B55F-500773F8CF9E}.Release|x64.ActiveCfg = Release|x64
		{A2F05E0F-7E49-40AD-B55F-500773F8CF9E}.Release|x64.Build.0 = Release|x64
		{A2F05E0F-7E49-40AD-B55F-500773F8CF9E}.Release|x64.Deploy.0 = Release|x64
		{A2F05E0F-7E49-40AD-B55F-500773F8CF9E}.Release|x86.ActiveCfg = Release|x86
		{A2F05E0F-7E49-40AD-B55F-500773F8CF9E}.Release|x86.Build.0 = Release|x86
		{A2F05E0F-7E49-40AD-B55F-500773F8CF9E}.Release|x86.Deploy.0 = Release|x86
		{6A54A3B1-6A8B-4E08-9951-FFF428834504}.Debug|Any CPU.ActiveCfg = Debug|Any CPU
		{6A54A3B1-6A8B-4E08-9951-FFF428834504}.Debug|Any CPU.Build.0 = Debug|Any CPU
		{6A54A3B1-6A8B-4E08-9951-FFF428834504}.Debug|Any CPU.Deploy.0 = Debug|Any CPU
		{6A54A3B1-6A8B-4E08-9951-FFF428834504}.Debug|ARM.ActiveCfg = Debug|Any CPU
		{6A54A3B1-6A8B-4E08-9951-FFF428834504}.Debug|ARM.Build.0 = Debug|Any CPU
		{6A54A3B1-6A8B-4E08-9951-FFF428834504}.Debug|ARM.Deploy.0 = Debug|Any CPU
		{6A54A3B1-6A8B-4E08-9951-FFF428834504}.Debug|x64.ActiveCfg = Debug|Any CPU
		{6A54A3B1-6A8B-4E08-9951-FFF428834504}.Debug|x64.Build.0 = Debug|Any CPU
		{6A54A3B1-6A8B-4E08-9951-FFF428834504}.Debug|x64.Deploy.0 = Debug|Any CPU
		{6A54A3B1-6A8B-4E08-9951-FFF428834504}.Debug|x86.ActiveCfg = Debug|Any CPU
		{6A54A3B1-6A8B-4E08-9951-FFF428834504}.Debug|x86.Build.0 = Debug|Any CPU
		{6A54A3B1-6A8B-4E08-9951-FFF428834504}.Debug|x86.Deploy.0 = Debug|Any CPU
		{6A54A3B1-6A8B-4E08-9951-FFF428834504}.Release|Any CPU.ActiveCfg = Release|Any CPU
		{6A54A3B1-6A8B-4E08-9951-FFF428834504}.Release|Any CPU.Build.0 = Release|Any CPU
		{6A54A3B1-6A8B-4E08-9951-FFF428834504}.Release|Any CPU.Deploy.0 = Release|Any CPU
		{6A54A3B1-6A8B-4E08-9951-FFF428834504}.Release|ARM.ActiveCfg = Release|Any CPU
		{6A54A3B1-6A8B-4E08-9951-FFF428834504}.Release|ARM.Build.0 = Release|Any CPU
		{6A54A3B1-6A8B-4E08-9951-FFF428834504}.Release|ARM.Deploy.0 = Release|Any CPU
		{6A54A3B1-6A8B-4E08-9951-FFF428834504}.Release|x64.ActiveCfg = Release|Any CPU
		{6A54A3B1-6A8B-4E08-9951-FFF428834504}.Release|x64.Build.0 = Release|Any CPU
		{6A54A3B1-6A8B-4E08-9951-FFF428834504}.Release|x64.Deploy.0 = Release|Any CPU
		{6A54A3B1-6A8B-4E08-9951-FFF428834504}.Release|x86.ActiveCfg = Release|Any CPU
		{6A54A3B1-6A8B-4E08-9951-FFF428834504}.Release|x86.Build.0 = Release|Any CPU
		{6A54A3B1-6A8B-4E08-9951-FFF428834504}.Release|x86.Deploy.0 = Release|Any CPU
		{36238555-812B-4090-B224-D10ED78CC19B}.Debug|Any CPU.ActiveCfg = Debug|Any CPU
		{36238555-812B-4090-B224-D10ED78CC19B}.Debug|Any CPU.Build.0 = Debug|Any CPU
		{36238555-812B-4090-B224-D10ED78CC19B}.Debug|Any CPU.Deploy.0 = Debug|Any CPU
		{36238555-812B-4090-B224-D10ED78CC19B}.Debug|ARM.ActiveCfg = Debug|Any CPU
		{36238555-812B-4090-B224-D10ED78CC19B}.Debug|ARM.Build.0 = Debug|Any CPU
		{36238555-812B-4090-B224-D10ED78CC19B}.Debug|ARM.Deploy.0 = Debug|Any CPU
		{36238555-812B-4090-B224-D10ED78CC19B}.Debug|x64.ActiveCfg = Debug|Any CPU
		{36238555-812B-4090-B224-D10ED78CC19B}.Debug|x64.Build.0 = Debug|Any CPU
		{36238555-812B-4090-B224-D10ED78CC19B}.Debug|x64.Deploy.0 = Debug|Any CPU
		{36238555-812B-4090-B224-D10ED78CC19B}.Debug|x86.ActiveCfg = Debug|Any CPU
		{36238555-812B-4090-B224-D10ED78CC19B}.Debug|x86.Build.0 = Debug|Any CPU
		{36238555-812B-4090-B224-D10ED78CC19B}.Debug|x86.Deploy.0 = Debug|Any CPU
		{36238555-812B-4090-B224-D10ED78CC19B}.Release|Any CPU.ActiveCfg = Release|Any CPU
		{36238555-812B-4090-B224-D10ED78CC19B}.Release|Any CPU.Build.0 = Release|Any CPU
		{36238555-812B-4090-B224-D10ED78CC19B}.Release|Any CPU.Deploy.0 = Release|Any CPU
		{36238555-812B-4090-B224-D10ED78CC19B}.Release|ARM.ActiveCfg = Release|Any CPU
		{36238555-812B-4090-B224-D10ED78CC19B}.Release|ARM.Build.0 = Release|Any CPU
		{36238555-812B-4090-B224-D10ED78CC19B}.Release|ARM.Deploy.0 = Release|Any CPU
		{36238555-812B-4090-B224-D10ED78CC19B}.Release|x64.ActiveCfg = Release|Any CPU
		{36238555-812B-4090-B224-D10ED78CC19B}.Release|x64.Build.0 = Release|Any CPU
		{36238555-812B-4090-B224-D10ED78CC19B}.Release|x64.Deploy.0 = Release|Any CPU
		{36238555-812B-4090-B224-D10ED78CC19B}.Release|x86.ActiveCfg = Release|Any CPU
		{36238555-812B-4090-B224-D10ED78CC19B}.Release|x86.Build.0 = Release|Any CPU
		{36238555-812B-4090-B224-D10ED78CC19B}.Release|x86.Deploy.0 = Release|Any CPU
	EndGlobalSection
	GlobalSection(SolutionProperties) = preSolution
		HideSolutionNode = FALSE
	EndGlobalSection
	GlobalSection(ExtensibilityGlobals) = postSolution
		SolutionGuid = {245A66C8-E80C-495E-991E-AE98B64681D6}
	EndGlobalSection
EndGlobal
