
Microsoft Visual Studio Solution File, Format Version 12.00
# Visual Studio 15
VisualStudioVersion = 15.0.28307.1062
MinimumVisualStudioVersion = 10.0.40219.1
Project("{FAE04EC0-301F-11D3-BF4B-00C04F79EFBC}") = "Tombini.Jacopo.4H.Impegni", "Tombini.Jacopo.4H.Impegni\Tombini.Jacopo.4H.Impegni.csproj", "{0B1C7D84-EF86-45F8-A765-5E6602C0E8D4}"
EndProject
Global
	GlobalSection(SolutionConfigurationPlatforms) = preSolution
		Debug|Any CPU = Debug|Any CPU
		Release|Any CPU = Release|Any CPU
	EndGlobalSection
	GlobalSection(ProjectConfigurationPlatforms) = postSolution
		{0B1C7D84-EF86-45F8-A765-5E6602C0E8D4}.Debug|Any CPU.ActiveCfg = Debug|Any CPU
		{0B1C7D84-EF86-45F8-A765-5E6602C0E8D4}.Debug|Any CPU.Build.0 = Debug|Any CPU
		{0B1C7D84-EF86-45F8-A765-5E6602C0E8D4}.Release|Any CPU.ActiveCfg = Release|Any CPU
		{0B1C7D84-EF86-45F8-A765-5E6602C0E8D4}.Release|Any CPU.Build.0 = Release|Any CPU
	EndGlobalSection
	GlobalSection(SolutionProperties) = preSolution
		HideSolutionNode = FALSE
	EndGlobalSection
	GlobalSection(ExtensibilityGlobals) = postSolution
		SolutionGuid = {EE6FE7DC-86B5-4B38-AABC-0FEFC751026C}
	EndGlobalSection
EndGlobal
